{
  "name": "mollie",
  "version": "1.0.0",
  "lockfileVersion": 2,
  "requires": true,
  "packages": {
    "": {
      "name": "mollie",
      "version": "1.0.0",
      "license": "ISC",
      "devDependencies": {
        "cypress-iframe": "^1.0.1"
      }
    },
    "node_modules/cypress-iframe": {
      "version": "1.0.1",
      "resolved": "https://registry.npmjs.org/cypress-iframe/-/cypress-iframe-1.0.1.tgz",
      "integrity": "sha512-Ne+xkZmWMhfq3x6wbfzK/SzsVTCrJru3R3cLXsoSAZyfUtJDamXyaIieHXeea3pQDXF4wE2w4iUuvCYHhoD31g==",
      "dev": true,
      "peerDependencies": {
        "@types/cypress": "^1.1.0"
      }
    }
  },
  "dependencies": {
    "cypress-iframe": {
      "version": "1.0.1",
      "resolved": "https://registry.npmjs.org/cypress-iframe/-/cypress-iframe-1.0.1.tgz",
      "integrity": "sha512-Ne+xkZmWMhfq3x6wbfzK/SzsVTCrJru3R3cLXsoSAZyfUtJDamXyaIieHXeea3pQDXF4wE2w4iUuvCYHhoD31g==",
      "dev": true,
      "requires": {}
    }
  }
}
