{
  "name": "mollie",
  "version": "1.0.0",
  "lockfileVersion": 1,
  "requires": true,
  "dependencies": {
    "cypress-iframe": {
      "version": "1.0.1",
      "resolved": "https://registry.npmjs.org/cypress-iframe/-/cypress-iframe-1.0.1.tgz",
      "integrity": "sha512-Ne+xkZmWMhfq3x6wbfzK/SzsVTCrJru3R3cLXsoSAZyfUtJDamXyaIieHXeea3pQDXF4wE2w4iUuvCYHhoD31g==",
      "dev": true
    }
  }
}
