{
    "_readme": [
        "This file locks the dependencies of your project to a known state",
        "Read more about it at https://getcomposer.org/doc/01-basic-usage.md#composer-lock-the-lock-file",
        "This file is @generated automatically"
    ],
    "hash": "f37eba6e470334da05ed454592b3e758",
    "content-hash": "ba84afbd639b77397c33e90b764678aa",
    "packages": [
        {
            "name": "mollie/mollie-api-php",
            "version": "v1.9.4",
            "source": {
                "type": "git",
                "url": "https://github.com/mollie/mollie-api-php.git",
                "reference": "db88588ffd40ec8caee814b7a126d26d7098ad99"
            },
            "dist": {
                "type": "zip",
                "url": "https://api.github.com/repos/mollie/mollie-api-php/zipball/db88588ffd40ec8caee814b7a126d26d7098ad99",
                "reference": "db88588ffd40ec8caee814b7a126d26d7098ad99",
                "shasum": ""
            },
            "require": {
                "ext-curl": "*",
                "ext-json": "*",
                "ext-openssl": "*",
                "php": ">=5.2"
            },
            "require-dev": {
                "phpunit/phpunit": "^3.7 || ^4.8 || ^5.4"
            },
            "suggest": {
                "mollie/oauth2-mollie-php": "Use OAuth to authenticate with the Mollie API. This is needed for some endpoints. Visit https://mollie.com/en/docs for more information."
            },
            "type": "library",
            "autoload": {
                "psr-0": {
                    "Mollie": "src/"
                }
            },
            "notification-url": "https://packagist.org/downloads/",
            "license": [
                "BSD-2-Clause"
            ],
            "authors": [
                {
                    "name": "Mollie B.V.",
                    "email": "info@mollie.com"
                }
            ],
            "description": "Mollie API client library for PHP. Mollie is a European Payment Service provider and offers international payment methods such as Mastercard, VISA, American Express and PayPal, and local payment methods such as iDEAL, Bancontact, SOFORT Banking, SEPA direct debit, Belfius Direct Net, KBC Payment Button and various gift cards such as Podiumcadeaukaart and fashioncheque.",
            "homepage": "https://github.com/mollie/mollie-api-php",
            "keywords": [
                "CBC",
                "api",
                "bancontact",
                "banktransfer",
                "belfius",
                "belfius direct net",
                "bitcoin",
                "charges",
                "creditcard",
                "direct debit",
                "fashioncheque",
                "gateway",
                "gift cards",
                "ideal",
                "intersolve",
                "kbc",
                "mistercash",
                "mollie",
                "payment",
                "payments",
                "paypal",
                "paysafecard",
                "podiumcadeaukaart",
                "recurring",
                "refunds",
                "sepa",
                "service",
                "sofort",
                "sofortbanking",
                "subscriptions"
            ],
            "time": "2017-08-22 09:24:05"
        }
    ],
    "packages-dev": [],
    "aliases": [],
    "minimum-stability": "stable",
    "stability-flags": [],
    "prefer-stable": false,
    "prefer-lowest": false,
    "platform": [],
    "platform-dev": []
}
